
Microsoft Visual Studio Solution File, Format Version 12.00
# Visual Studio Version 17
VisualStudioVersion = 17.10.35122.118
MinimumVisualStudioVersion = 10.0.40219.1
Project("{2150E333-8FDC-42A3-9474-1A3956D46DE8}") = "FibonacciSerise", "FibonacciSerise", "{3CA28ABC-4060-4492-B128-C32D92F1E78D}"
EndProject
Project("{FAE04EC0-301F-11D3-BF4B-00C04F79EFBC}") = "Fibonacci", "Fibonacci\Fibonacci.csproj", "{20B95D9C-FFC9-4931-9DEE-E534E40A4143}"
EndProject
Global
	GlobalSection(SolutionConfigurationPlatforms) = preSolution
		Debug|Any CPU = Debug|Any CPU
		Release|Any CPU = Release|Any CPU
	EndGlobalSection
	GlobalSection(ProjectConfigurationPlatforms) = postSolution
		{20B95D9C-FFC9-4931-9DEE-E534E40A4143}.Debug|Any CPU.ActiveCfg = Debug|Any CPU
		{20B95D9C-FFC9-4931-9DEE-E534E40A4143}.Debug|Any CPU.Build.0 = Debug|Any CPU
		{20B95D9C-FFC9-4931-9DEE-E534E40A4143}.Release|Any CPU.ActiveCfg = Release|Any CPU
		{20B95D9C-FFC9-4931-9DEE-E534E40A4143}.Release|Any CPU.Build.0 = Release|Any CPU
	EndGlobalSection
	GlobalSection(SolutionProperties) = preSolution
		HideSolutionNode = FALSE
	EndGlobalSection
	GlobalSection(NestedProjects) = preSolution
		{20B95D9C-FFC9-4931-9DEE-E534E40A4143} = {3CA28ABC-4060-4492-B128-C32D92F1E78D}
	EndGlobalSection
	GlobalSection(ExtensibilityGlobals) = postSolution
		SolutionGuid = {8451CFE3-C62B-41D0-B0F9-54223C903CAE}
	EndGlobalSection
EndGlobal
